# This file was autogenerated by Stack.
# You should not edit this file by hand.
# For more information, please see the documentation at:
#   https://docs.haskellstack.org/en/stable/lock_files

packages:
- completed:
    hackage: latex-formulae-hakyll-0.2.0.4@sha256:8ed5ef87625c9fc6154aa29d7d17d1d2391a3e4f4360bf15c522a37889d4aa37,1533
    pantry-tree:
      size: 233
      sha256: 4546e48ecc02c5c389e274e70c407915b0efceb025bd981728245751676d8a62
  original:
    hackage: latex-formulae-hakyll-0.2.0.4@sha256:8ed5ef87625c9fc6154aa29d7d17d1d2391a3e4f4360bf15c522a37889d4aa37,1533
snapshots:
- completed:
    size: 509471
    url: https://raw.githubusercontent.com/commercialhaskell/stackage-snapshots/master/lts/12/26.yaml
    sha256: 95f014df58d0679b1c4a2b7bf2b652b61da8d30de5f571abb0d59015ef678646
  original: lts-12.26
